// !$*UTF8*$!
{
	archiveVersion = 1;
	classes = {
	};
	objectVersion = 55;
	objects = {

/* Begin PBXBuildFile section */
		1D05BB9B28E544BE0033BD28 /* JLDialUnit.framework in Frameworks */ = {isa = PBXBuildFile; fileRef = 48ABAD5E27D3377C0043BBBF /* JLDialUnit.framework */; };
		1D05BB9D28E544D80033BD28 /* JL_BLEKit.framework in Frameworks */ = {isa = PBXBuildFile; fileRef = 48ABAD5F27D3377C0043BBBF /* JL_BLEKit.framework */; };
		1D20721F29F4C7B3008BAA9A /* JL_OTALib.framework in Frameworks */ = {isa = PBXBuildFile; fileRef = 1D20721E29F4C7B2008BAA9A /* JL_OTALib.framework */; };
		1D20722129F4C7B8008BAA9A /* JL_HashPair.framework in Frameworks */ = {isa = PBXBuildFile; fileRef = 1D20722029F4C7B7008BAA9A /* JL_HashPair.framework */; };
		1D20722329F4C7BD008BAA9A /* JL_AdvParse.framework in Frameworks */ = {isa = PBXBuildFile; fileRef = 1D20722229F4C7BD008BAA9A /* JL_AdvParse.framework */; };
		1DF8D2232807BB0C00569C2B /* BasicFuncVC.m in Sources */ = {isa = PBXBuildFile; fileRef = 1DF8D2212807BB0C00569C2B /* BasicFuncVC.m */; };
		1DF8D2242807BB0C00569C2B /* BasicFuncVC.xib in Resources */ = {isa = PBXBuildFile; fileRef = 1DF8D2222807BB0C00569C2B /* BasicFuncVC.xib */; };
		1DF8D2292807CD5100569C2B /* HealthSyncSportVC.m in Sources */ = {isa = PBXBuildFile; fileRef = 1DF8D2272807CD5100569C2B /* HealthSyncSportVC.m */; };
		1DF8D22A2807CD5100569C2B /* HealthSyncSportVC.xib in Resources */ = {isa = PBXBuildFile; fileRef = 1DF8D2282807CD5100569C2B /* HealthSyncSportVC.xib */; };
		1DF8D22E2807F6DB00569C2B /* HealthStatisticalVC.m in Sources */ = {isa = PBXBuildFile; fileRef = 1DF8D22C2807F6DB00569C2B /* HealthStatisticalVC.m */; };
		1DF8D22F2807F6DB00569C2B /* HealthStatisticalVC.xib in Resources */ = {isa = PBXBuildFile; fileRef = 1DF8D22D2807F6DB00569C2B /* HealthStatisticalVC.xib */; };
		480FCFEF27D878E800B4C0C8 /* JLUI_Effect.m in Sources */ = {isa = PBXBuildFile; fileRef = 480FCFEE27D878E800B4C0C8 /* JLUI_Effect.m */; };
		48220F0727D5A68D00016C37 /* libc++.tbd in Frameworks */ = {isa = PBXBuildFile; fileRef = 48220F0627D5A68D00016C37 /* libc++.tbd */; };
		48220F0F27D5DC1200016C37 /* WatchOperationVC.m in Sources */ = {isa = PBXBuildFile; fileRef = 48220F0D27D5DC1200016C37 /* WatchOperationVC.m */; };
		48220F1027D5DC1200016C37 /* WatchOperationVC.xib in Resources */ = {isa = PBXBuildFile; fileRef = 48220F0E27D5DC1200016C37 /* WatchOperationVC.xib */; };
		48220F1327D5E3FA00016C37 /* TipView.m in Sources */ = {isa = PBXBuildFile; fileRef = 48220F1227D5E3FA00016C37 /* TipView.m */; };
		48220F1B27D5F99C00016C37 /* DocumentView.m in Sources */ = {isa = PBXBuildFile; fileRef = 48220F1A27D5F99C00016C37 /* DocumentView.m */; };
		48220F1D27D5F9AB00016C37 /* DocumentView.xib in Resources */ = {isa = PBXBuildFile; fileRef = 48220F1C27D5F9AB00016C37 /* DocumentView.xib */; };
		4874620427F81DB200A7C9D7 /* FileBrowseVC.m in Sources */ = {isa = PBXBuildFile; fileRef = 4874620227F81DB200A7C9D7 /* FileBrowseVC.m */; };
		4874620527F81DB200A7C9D7 /* FileBrowseVC.xib in Resources */ = {isa = PBXBuildFile; fileRef = 4874620327F81DB200A7C9D7 /* FileBrowseVC.xib */; };
		4874621027F84E9F00A7C9D7 /* UpdateVC.m in Sources */ = {isa = PBXBuildFile; fileRef = 4874620E27F84E9F00A7C9D7 /* UpdateVC.m */; };
		4874621127F84E9F00A7C9D7 /* UpdateVC.xib in Resources */ = {isa = PBXBuildFile; fileRef = 4874620F27F84E9F00A7C9D7 /* UpdateVC.xib */; };
		4892015727E1B25600111571 /* CustomWatchVC.m in Sources */ = {isa = PBXBuildFile; fileRef = 4892015527E1B25600111571 /* CustomWatchVC.m */; };
		4892015827E1B25600111571 /* CustomWatchVC.xib in Resources */ = {isa = PBXBuildFile; fileRef = 4892015627E1B25600111571 /* CustomWatchVC.xib */; };
		4892017727E474B800111571 /* BigFileVC.m in Sources */ = {isa = PBXBuildFile; fileRef = 4892017527E474B800111571 /* BigFileVC.m */; };
		4892017827E474B800111571 /* BigFileVC.xib in Resources */ = {isa = PBXBuildFile; fileRef = 4892017627E474B800111571 /* BigFileVC.xib */; };
		48ABAD3A27D335FA0043BBBF /* AppDelegate.m in Sources */ = {isa = PBXBuildFile; fileRef = 48ABAD3927D335FA0043BBBF /* AppDelegate.m */; };
		48ABAD4527D335FC0043BBBF /* Assets.xcassets in Resources */ = {isa = PBXBuildFile; fileRef = 48ABAD4427D335FC0043BBBF /* Assets.xcassets */; };
		48ABAD4827D335FC0043BBBF /* LaunchScreen.storyboard in Resources */ = {isa = PBXBuildFile; fileRef = 48ABAD4627D335FC0043BBBF /* LaunchScreen.storyboard */; };
		48ABAD4B27D335FC0043BBBF /* main.m in Sources */ = {isa = PBXBuildFile; fileRef = 48ABAD4A27D335FC0043BBBF /* main.m */; };
		48ABAD6027D3377C0043BBBF /* ZipZap.framework in Frameworks */ = {isa = PBXBuildFile; fileRef = 48ABAD5D27D3377C0043BBBF /* ZipZap.framework */; };
		48ABAD6627D339430043BBBF /* DFUnits.framework in Frameworks */ = {isa = PBXBuildFile; fileRef = 48ABAD6527D339430043BBBF /* DFUnits.framework */; settings = {ATTRIBUTES = (Required, ); }; };
		48ABAD6A27D33A6D0043BBBF /* DeviceVC.m in Sources */ = {isa = PBXBuildFile; fileRef = 48ABAD6827D33A6D0043BBBF /* DeviceVC.m */; };
		48ABAD6B27D33A6D0043BBBF /* DeviceVC.xib in Resources */ = {isa = PBXBuildFile; fileRef = 48ABAD6927D33A6D0043BBBF /* DeviceVC.xib */; };
		48ABAD6F27D33A910043BBBF /* FunctionVC.m in Sources */ = {isa = PBXBuildFile; fileRef = 48ABAD6D27D33A910043BBBF /* FunctionVC.m */; };
		48ABAD7027D33A910043BBBF /* FunctionVC.xib in Resources */ = {isa = PBXBuildFile; fileRef = 48ABAD6E27D33A910043BBBF /* FunctionVC.xib */; };
		48ABAD7327D33E030043BBBF /* QCY_BLEApple.m in Sources */ = {isa = PBXBuildFile; fileRef = 48ABAD7227D33E030043BBBF /* QCY_BLEApple.m */; };
		48ABAD7727D348080043BBBF /* JL_RunSDK.m in Sources */ = {isa = PBXBuildFile; fileRef = 48ABAD7527D348080043BBBF /* JL_RunSDK.m */; };
		48B332A327EC402A00AD3775 /* ContactVC.m in Sources */ = {isa = PBXBuildFile; fileRef = 48B332A127EC402A00AD3775 /* ContactVC.m */; };
		48B332A427EC402A00AD3775 /* ContactVC.xib in Resources */ = {isa = PBXBuildFile; fileRef = 48B332A227EC402A00AD3775 /* ContactVC.xib */; };
		48B332A727EC4A8800AD3775 /* PersonModel.m in Sources */ = {isa = PBXBuildFile; fileRef = 48B332A627EC4A8800AD3775 /* PersonModel.m */; };
		48B332AA27EC4F5F00AD3775 /* ContactsTool.m in Sources */ = {isa = PBXBuildFile; fileRef = 48B332A927EC4F5F00AD3775 /* ContactsTool.m */; };
		48B332AD27EC50E300AD3775 /* JLFileTransferHelper.m in Sources */ = {isa = PBXBuildFile; fileRef = 48B332AB27EC50E300AD3775 /* JLFileTransferHelper.m */; };
		48F91B3B299E01E400FC5545 /* ImageTest.HEIC in Resources */ = {isa = PBXBuildFile; fileRef = 48F91B3A299E01D700FC5545 /* ImageTest.HEIC */; };
/* End PBXBuildFile section */

/* Begin PBXFileReference section */
		1D20721E29F4C7B2008BAA9A /* JL_OTALib.framework */ = {isa = PBXFileReference; lastKnownFileType = wrapper.framework; path = JL_OTALib.framework; sourceTree = "<group>"; };
		1D20722029F4C7B7008BAA9A /* JL_HashPair.framework */ = {isa = PBXFileReference; lastKnownFileType = wrapper.framework; path = JL_HashPair.framework; sourceTree = "<group>"; };
		1D20722229F4C7BD008BAA9A /* JL_AdvParse.framework */ = {isa = PBXFileReference; lastKnownFileType = wrapper.framework; path = JL_AdvParse.framework; sourceTree = "<group>"; };
		1DF8D2202807BB0C00569C2B /* BasicFuncVC.h */ = {isa = PBXFileReference; lastKnownFileType = sourcecode.c.h; path = BasicFuncVC.h; sourceTree = "<group>"; };
		1DF8D2212807BB0C00569C2B /* BasicFuncVC.m */ = {isa = PBXFileReference; lastKnownFileType = sourcecode.c.objc; path = BasicFuncVC.m; sourceTree = "<group>"; };
		1DF8D2222807BB0C00569C2B /* BasicFuncVC.xib */ = {isa = PBXFileReference; lastKnownFileType = file.xib; path = BasicFuncVC.xib; sourceTree = "<group>"; };
		1DF8D2262807CD5100569C2B /* HealthSyncSportVC.h */ = {isa = PBXFileReference; lastKnownFileType = sourcecode.c.h; path = HealthSyncSportVC.h; sourceTree = "<group>"; };
		1DF8D2272807CD5100569C2B /* HealthSyncSportVC.m */ = {isa = PBXFileReference; lastKnownFileType = sourcecode.c.objc; path = HealthSyncSportVC.m; sourceTree = "<group>"; };
		1DF8D2282807CD5100569C2B /* HealthSyncSportVC.xib */ = {isa = PBXFileReference; lastKnownFileType = file.xib; path = HealthSyncSportVC.xib; sourceTree = "<group>"; };
		1DF8D22B2807F6DB00569C2B /* HealthStatisticalVC.h */ = {isa = PBXFileReference; lastKnownFileType = sourcecode.c.h; path = HealthStatisticalVC.h; sourceTree = "<group>"; };
		1DF8D22C2807F6DB00569C2B /* HealthStatisticalVC.m */ = {isa = PBXFileReference; lastKnownFileType = sourcecode.c.objc; path = HealthStatisticalVC.m; sourceTree = "<group>"; };
		1DF8D22D2807F6DB00569C2B /* HealthStatisticalVC.xib */ = {isa = PBXFileReference; lastKnownFileType = file.xib; path = HealthStatisticalVC.xib; sourceTree = "<group>"; };
		480FCFED27D878E800B4C0C8 /* JLUI_Effect.h */ = {isa = PBXFileReference; fileEncoding = 4; lastKnownFileType = sourcecode.c.h; path = JLUI_Effect.h; sourceTree = "<group>"; };
		480FCFEE27D878E800B4C0C8 /* JLUI_Effect.m */ = {isa = PBXFileReference; fileEncoding = 4; lastKnownFileType = sourcecode.c.objc; path = JLUI_Effect.m; sourceTree = "<group>"; };
		48220F0627D5A68D00016C37 /* libc++.tbd */ = {isa = PBXFileReference; lastKnownFileType = "sourcecode.text-based-dylib-definition"; name = "libc++.tbd"; path = "usr/lib/libc++.tbd"; sourceTree = SDKROOT; };
		48220F0C27D5DC1200016C37 /* WatchOperationVC.h */ = {isa = PBXFileReference; lastKnownFileType = sourcecode.c.h; path = WatchOperationVC.h; sourceTree = "<group>"; };
		48220F0D27D5DC1200016C37 /* WatchOperationVC.m */ = {isa = PBXFileReference; lastKnownFileType = sourcecode.c.objc; path = WatchOperationVC.m; sourceTree = "<group>"; };
		48220F0E27D5DC1200016C37 /* WatchOperationVC.xib */ = {isa = PBXFileReference; lastKnownFileType = file.xib; path = WatchOperationVC.xib; sourceTree = "<group>"; };
		48220F1127D5E3FA00016C37 /* TipView.h */ = {isa = PBXFileReference; lastKnownFileType = sourcecode.c.h; path = TipView.h; sourceTree = "<group>"; };
		48220F1227D5E3FA00016C37 /* TipView.m */ = {isa = PBXFileReference; lastKnownFileType = sourcecode.c.objc; path = TipView.m; sourceTree = "<group>"; };
		48220F1927D5F99C00016C37 /* DocumentView.h */ = {isa = PBXFileReference; lastKnownFileType = sourcecode.c.h; path = DocumentView.h; sourceTree = "<group>"; };
		48220F1A27D5F99C00016C37 /* DocumentView.m */ = {isa = PBXFileReference; lastKnownFileType = sourcecode.c.objc; path = DocumentView.m; sourceTree = "<group>"; };
		48220F1C27D5F9AB00016C37 /* DocumentView.xib */ = {isa = PBXFileReference; lastKnownFileType = file.xib; path = DocumentView.xib; sourceTree = "<group>"; };
		4874620127F81DB200A7C9D7 /* FileBrowseVC.h */ = {isa = PBXFileReference; lastKnownFileType = sourcecode.c.h; path = FileBrowseVC.h; sourceTree = "<group>"; };
		4874620227F81DB200A7C9D7 /* FileBrowseVC.m */ = {isa = PBXFileReference; lastKnownFileType = sourcecode.c.objc; path = FileBrowseVC.m; sourceTree = "<group>"; };
		4874620327F81DB200A7C9D7 /* FileBrowseVC.xib */ = {isa = PBXFileReference; lastKnownFileType = file.xib; path = FileBrowseVC.xib; sourceTree = "<group>"; };
		4874620D27F84E9F00A7C9D7 /* UpdateVC.h */ = {isa = PBXFileReference; lastKnownFileType = sourcecode.c.h; path = UpdateVC.h; sourceTree = "<group>"; };
		4874620E27F84E9F00A7C9D7 /* UpdateVC.m */ = {isa = PBXFileReference; lastKnownFileType = sourcecode.c.objc; path = UpdateVC.m; sourceTree = "<group>"; };
		4874620F27F84E9F00A7C9D7 /* UpdateVC.xib */ = {isa = PBXFileReference; lastKnownFileType = file.xib; path = UpdateVC.xib; sourceTree = "<group>"; };
		4892015427E1B25600111571 /* CustomWatchVC.h */ = {isa = PBXFileReference; lastKnownFileType = sourcecode.c.h; path = CustomWatchVC.h; sourceTree = "<group>"; };
		4892015527E1B25600111571 /* CustomWatchVC.m */ = {isa = PBXFileReference; lastKnownFileType = sourcecode.c.objc; path = CustomWatchVC.m; sourceTree = "<group>"; };
		4892015627E1B25600111571 /* CustomWatchVC.xib */ = {isa = PBXFileReference; lastKnownFileType = file.xib; path = CustomWatchVC.xib; sourceTree = "<group>"; };
		4892017427E474B800111571 /* BigFileVC.h */ = {isa = PBXFileReference; lastKnownFileType = sourcecode.c.h; path = BigFileVC.h; sourceTree = "<group>"; };
		4892017527E474B800111571 /* BigFileVC.m */ = {isa = PBXFileReference; lastKnownFileType = sourcecode.c.objc; path = BigFileVC.m; sourceTree = "<group>"; };
		4892017627E474B800111571 /* BigFileVC.xib */ = {isa = PBXFileReference; lastKnownFileType = file.xib; path = BigFileVC.xib; sourceTree = "<group>"; };
		48ABAD3527D335FA0043BBBF /* JLWatchDemo.app */ = {isa = PBXFileReference; explicitFileType = wrapper.application; includeInIndex = 0; path = JLWatchDemo.app; sourceTree = BUILT_PRODUCTS_DIR; };
		48ABAD3827D335FA0043BBBF /* AppDelegate.h */ = {isa = PBXFileReference; lastKnownFileType = sourcecode.c.h; path = AppDelegate.h; sourceTree = "<group>"; };
		48ABAD3927D335FA0043BBBF /* AppDelegate.m */ = {isa = PBXFileReference; lastKnownFileType = sourcecode.c.objc; path = AppDelegate.m; sourceTree = "<group>"; };
		48ABAD4427D335FC0043BBBF /* Assets.xcassets */ = {isa = PBXFileReference; lastKnownFileType = folder.assetcatalog; path = Assets.xcassets; sourceTree = "<group>"; };
		48ABAD4727D335FC0043BBBF /* Base */ = {isa = PBXFileReference; lastKnownFileType = file.storyboard; name = Base; path = Base.lproj/LaunchScreen.storyboard; sourceTree = "<group>"; };
		48ABAD4927D335FC0043BBBF /* Info.plist */ = {isa = PBXFileReference; lastKnownFileType = text.plist.xml; path = Info.plist; sourceTree = "<group>"; };
		48ABAD4A27D335FC0043BBBF /* main.m */ = {isa = PBXFileReference; lastKnownFileType = sourcecode.c.objc; path = main.m; sourceTree = "<group>"; };
		48ABAD5D27D3377C0043BBBF /* ZipZap.framework */ = {isa = PBXFileReference; lastKnownFileType = wrapper.framework; path = ZipZap.framework; sourceTree = "<group>"; };
		48ABAD5E27D3377C0043BBBF /* JLDialUnit.framework */ = {isa = PBXFileReference; lastKnownFileType = wrapper.framework; path = JLDialUnit.framework; sourceTree = "<group>"; };
		48ABAD5F27D3377C0043BBBF /* JL_BLEKit.framework */ = {isa = PBXFileReference; lastKnownFileType = wrapper.framework; path = JL_BLEKit.framework; sourceTree = "<group>"; };
		48ABAD6527D339430043BBBF /* DFUnits.framework */ = {isa = PBXFileReference; lastKnownFileType = wrapper.framework; path = DFUnits.framework; sourceTree = "<group>"; };
		48ABAD6727D33A6D0043BBBF /* DeviceVC.h */ = {isa = PBXFileReference; lastKnownFileType = sourcecode.c.h; path = DeviceVC.h; sourceTree = "<group>"; };
		48ABAD6827D33A6D0043BBBF /* DeviceVC.m */ = {isa = PBXFileReference; lastKnownFileType = sourcecode.c.objc; path = DeviceVC.m; sourceTree = "<group>"; };
		48ABAD6927D33A6D0043BBBF /* DeviceVC.xib */ = {isa = PBXFileReference; lastKnownFileType = file.xib; path = DeviceVC.xib; sourceTree = "<group>"; };
		48ABAD6C27D33A910043BBBF /* FunctionVC.h */ = {isa = PBXFileReference; lastKnownFileType = sourcecode.c.h; path = FunctionVC.h; sourceTree = "<group>"; };
		48ABAD6D27D33A910043BBBF /* FunctionVC.m */ = {isa = PBXFileReference; lastKnownFileType = sourcecode.c.objc; path = FunctionVC.m; sourceTree = "<group>"; };
		48ABAD6E27D33A910043BBBF /* FunctionVC.xib */ = {isa = PBXFileReference; lastKnownFileType = file.xib; path = FunctionVC.xib; sourceTree = "<group>"; };
		48ABAD7127D33E030043BBBF /* QCY_BLEApple.h */ = {isa = PBXFileReference; fileEncoding = 4; lastKnownFileType = sourcecode.c.h; path = QCY_BLEApple.h; sourceTree = "<group>"; };
		48ABAD7227D33E030043BBBF /* QCY_BLEApple.m */ = {isa = PBXFileReference; fileEncoding = 4; lastKnownFileType = sourcecode.c.objc; path = QCY_BLEApple.m; sourceTree = "<group>"; };
		48ABAD7427D33FC00043BBBF /* JLHeadFile.h */ = {isa = PBXFileReference; lastKnownFileType = sourcecode.c.h; path = JLHeadFile.h; sourceTree = "<group>"; };
		48ABAD7527D348080043BBBF /* JL_RunSDK.m */ = {isa = PBXFileReference; fileEncoding = 4; lastKnownFileType = sourcecode.c.objc; path = JL_RunSDK.m; sourceTree = "<group>"; };
		48ABAD7627D348080043BBBF /* JL_RunSDK.h */ = {isa = PBXFileReference; fileEncoding = 4; lastKnownFileType = sourcecode.c.h; path = JL_RunSDK.h; sourceTree = "<group>"; };
		48B332A027EC402A00AD3775 /* ContactVC.h */ = {isa = PBXFileReference; lastKnownFileType = sourcecode.c.h; path = ContactVC.h; sourceTree = "<group>"; };
		48B332A127EC402A00AD3775 /* ContactVC.m */ = {isa = PBXFileReference; lastKnownFileType = sourcecode.c.objc; path = ContactVC.m; sourceTree = "<group>"; };
		48B332A227EC402A00AD3775 /* ContactVC.xib */ = {isa = PBXFileReference; lastKnownFileType = file.xib; path = ContactVC.xib; sourceTree = "<group>"; };
		48B332A527EC4A8800AD3775 /* PersonModel.h */ = {isa = PBXFileReference; lastKnownFileType = sourcecode.c.h; path = PersonModel.h; sourceTree = "<group>"; };
		48B332A627EC4A8800AD3775 /* PersonModel.m */ = {isa = PBXFileReference; lastKnownFileType = sourcecode.c.objc; path = PersonModel.m; sourceTree = "<group>"; };
		48B332A827EC4F5F00AD3775 /* ContactsTool.h */ = {isa = PBXFileReference; fileEncoding = 4; lastKnownFileType = sourcecode.c.h; path = ContactsTool.h; sourceTree = "<group>"; };
		48B332A927EC4F5F00AD3775 /* ContactsTool.m */ = {isa = PBXFileReference; fileEncoding = 4; lastKnownFileType = sourcecode.c.objc; path = ContactsTool.m; sourceTree = "<group>"; };
		48B332AB27EC50E300AD3775 /* JLFileTransferHelper.m */ = {isa = PBXFileReference; fileEncoding = 4; lastKnownFileType = sourcecode.c.objc; path = JLFileTransferHelper.m; sourceTree = "<group>"; };
		48B332AC27EC50E300AD3775 /* JLFileTransferHelper.h */ = {isa = PBXFileReference; fileEncoding = 4; lastKnownFileType = sourcecode.c.h; path = JLFileTransferHelper.h; sourceTree = "<group>"; };
		48F91B3A299E01D700FC5545 /* ImageTest.HEIC */ = {isa = PBXFileReference; lastKnownFileType = file; path = ImageTest.HEIC; sourceTree = "<group>"; };
/* End PBXFileReference section */

/* Begin PBXFrameworksBuildPhase section */
		48ABAD3227D335FA0043BBBF /* Frameworks */ = {
			isa = PBXFrameworksBuildPhase;
			buildActionMask = 2147483647;
			files = (
				48220F0727D5A68D00016C37 /* libc++.tbd in Frameworks */,
				1D20721F29F4C7B3008BAA9A /* JL_OTALib.framework in Frameworks */,
				48ABAD6627D339430043BBBF /* DFUnits.framework in Frameworks */,
				1D05BB9D28E544D80033BD28 /* JL_BLEKit.framework in Frameworks */,
				1D20722329F4C7BD008BAA9A /* JL_AdvParse.framework in Frameworks */,
				1D05BB9B28E544BE0033BD28 /* JLDialUnit.framework in Frameworks */,
				1D20722129F4C7B8008BAA9A /* JL_HashPair.framework in Frameworks */,
				48ABAD6027D3377C0043BBBF /* ZipZap.framework in Frameworks */,
			);
			runOnlyForDeploymentPostprocessing = 0;
		};
/* End PBXFrameworksBuildPhase section */

/* Begin PBXGroup section */
		1DF8D2172807BA8A00569C2B /* SystemInfos */ = {
			isa = PBXGroup;
			children = (
				1DF8D2202807BB0C00569C2B /* BasicFuncVC.h */,
				1DF8D2212807BB0C00569C2B /* BasicFuncVC.m */,
				1DF8D2222807BB0C00569C2B /* BasicFuncVC.xib */,
			);
			path = SystemInfos;
			sourceTree = "<group>";
		};
		1DF8D2252807CD2700569C2B /* HealthModels */ = {
			isa = PBXGroup;
			children = (
				1DF8D2262807CD5100569C2B /* HealthSyncSportVC.h */,
				1DF8D2272807CD5100569C2B /* HealthSyncSportVC.m */,
				1DF8D2282807CD5100569C2B /* HealthSyncSportVC.xib */,
				1DF8D22B2807F6DB00569C2B /* HealthStatisticalVC.h */,
				1DF8D22C2807F6DB00569C2B /* HealthStatisticalVC.m */,
				1DF8D22D2807F6DB00569C2B /* HealthStatisticalVC.xib */,
			);
			path = HealthModels;
			sourceTree = "<group>";
		};
		48220F0827D5D87E00016C37 /* FunctionList */ = {
			isa = PBXGroup;
			children = (
				48ABAD6C27D33A910043BBBF /* FunctionVC.h */,
				48ABAD6D27D33A910043BBBF /* FunctionVC.m */,
				48ABAD6E27D33A910043BBBF /* FunctionVC.xib */,
			);
			path = FunctionList;
			sourceTree = "<group>";
		};
		48220F0927D5D8A000016C37 /* ConnectDevice */ = {
			isa = PBXGroup;
			children = (
				48ABAD6727D33A6D0043BBBF /* DeviceVC.h */,
				48ABAD6827D33A6D0043BBBF /* DeviceVC.m */,
				48ABAD6927D33A6D0043BBBF /* DeviceVC.xib */,
			);
			path = ConnectDevice;
			sourceTree = "<group>";
		};
		48220F0A27D5D8CF00016C37 /* BLECenter */ = {
			isa = PBXGroup;
			children = (
				48ABAD7127D33E030043BBBF /* QCY_BLEApple.h */,
				48ABAD7227D33E030043BBBF /* QCY_BLEApple.m */,
			);
			path = BLECenter;
			sourceTree = "<group>";
		};
		48220F0B27D5DBC400016C37 /* WatchOperation */ = {
			isa = PBXGroup;
			children = (
				48220F0C27D5DC1200016C37 /* WatchOperationVC.h */,
				48220F0D27D5DC1200016C37 /* WatchOperationVC.m */,
				48220F0E27D5DC1200016C37 /* WatchOperationVC.xib */,
				48220F1927D5F99C00016C37 /* DocumentView.h */,
				48220F1A27D5F99C00016C37 /* DocumentView.m */,
				48220F1C27D5F9AB00016C37 /* DocumentView.xib */,
			);
			path = WatchOperation;
			sourceTree = "<group>";
		};
		4874620027F81CF000A7C9D7 /* FileList */ = {
			isa = PBXGroup;
			children = (
				4874620127F81DB200A7C9D7 /* FileBrowseVC.h */,
				4874620227F81DB200A7C9D7 /* FileBrowseVC.m */,
				4874620327F81DB200A7C9D7 /* FileBrowseVC.xib */,
			);
			path = FileList;
			sourceTree = "<group>";
		};
		4874620727F84B2A00A7C9D7 /* OtaUpdate */ = {
			isa = PBXGroup;
			children = (
				4874620D27F84E9F00A7C9D7 /* UpdateVC.h */,
				4874620E27F84E9F00A7C9D7 /* UpdateVC.m */,
				4874620F27F84E9F00A7C9D7 /* UpdateVC.xib */,
			);
			path = OtaUpdate;
			sourceTree = "<group>";
		};
		4892015327E1B1FE00111571 /* WatchFace */ = {
			isa = PBXGroup;
			children = (
				4892015427E1B25600111571 /* CustomWatchVC.h */,
				4892015527E1B25600111571 /* CustomWatchVC.m */,
				4892015627E1B25600111571 /* CustomWatchVC.xib */,
			);
			path = WatchFace;
			sourceTree = "<group>";
		};
		4892017327E46F5800111571 /* FileTransfer */ = {
			isa = PBXGroup;
			children = (
				4892017427E474B800111571 /* BigFileVC.h */,
				4892017527E474B800111571 /* BigFileVC.m */,
				4892017627E474B800111571 /* BigFileVC.xib */,
			);
			path = FileTransfer;
			sourceTree = "<group>";
		};
		48ABAD2C27D335FA0043BBBF = {
			isa = PBXGroup;
			children = (
				48ABAD3727D335FA0043BBBF /* JLWatchDemo */,
				48ABAD3627D335FA0043BBBF /* Products */,
				48ABAD5127D337110043BBBF /* Frameworks */,
			);
			sourceTree = "<group>";
		};
		48ABAD3627D335FA0043BBBF /* Products */ = {
			isa = PBXGroup;
			children = (
				48ABAD3527D335FA0043BBBF /* JLWatchDemo.app */,
			);
			name = Products;
			sourceTree = "<group>";
		};
		48ABAD3727D335FA0043BBBF /* JLWatchDemo */ = {
			isa = PBXGroup;
			children = (
				48F91B3A299E01D700FC5545 /* ImageTest.HEIC */,
				48ABAD3827D335FA0043BBBF /* AppDelegate.h */,
				48ABAD3927D335FA0043BBBF /* AppDelegate.m */,
				48ABAD7427D33FC00043BBBF /* JLHeadFile.h */,
				48ABAD7627D348080043BBBF /* JL_RunSDK.h */,
				48ABAD7527D348080043BBBF /* JL_RunSDK.m */,
				48220F1127D5E3FA00016C37 /* TipView.h */,
				48220F1227D5E3FA00016C37 /* TipView.m */,
				480FCFED27D878E800B4C0C8 /* JLUI_Effect.h */,
				480FCFEE27D878E800B4C0C8 /* JLUI_Effect.m */,
				48220F0A27D5D8CF00016C37 /* BLECenter */,
				48220F0927D5D8A000016C37 /* ConnectDevice */,
				48220F0827D5D87E00016C37 /* FunctionList */,
				48220F0B27D5DBC400016C37 /* WatchOperation */,
				4892015327E1B1FE00111571 /* WatchFace */,
				4892017327E46F5800111571 /* FileTransfer */,
				48B3329F27EC3FD000AD3775 /* ContactList */,
				4874620027F81CF000A7C9D7 /* FileList */,
				4874620727F84B2A00A7C9D7 /* OtaUpdate */,
				1DF8D2252807CD2700569C2B /* HealthModels */,
				1DF8D2172807BA8A00569C2B /* SystemInfos */,
				48ABAD4427D335FC0043BBBF /* Assets.xcassets */,
				48ABAD4627D335FC0043BBBF /* LaunchScreen.storyboard */,
				48ABAD4927D335FC0043BBBF /* Info.plist */,
				48ABAD4A27D335FC0043BBBF /* main.m */,
			);
			path = JLWatchDemo;
			sourceTree = "<group>";
		};
		48ABAD5127D337110043BBBF /* Frameworks */ = {
			isa = PBXGroup;
			children = (
				48220F0627D5A68D00016C37 /* libc++.tbd */,
				48ABAD6527D339430043BBBF /* DFUnits.framework */,
				1D20722229F4C7BD008BAA9A /* JL_AdvParse.framework */,
				1D20722029F4C7B7008BAA9A /* JL_HashPair.framework */,
				48ABAD5F27D3377C0043BBBF /* JL_BLEKit.framework */,
				1D20721E29F4C7B2008BAA9A /* JL_OTALib.framework */,
				48ABAD5E27D3377C0043BBBF /* JLDialUnit.framework */,
				48ABAD5D27D3377C0043BBBF /* ZipZap.framework */,
			);
			name = Frameworks;
			sourceTree = "<group>";
		};
		48B3329F27EC3FD000AD3775 /* ContactList */ = {
			isa = PBXGroup;
			children = (
				48B332A027EC402A00AD3775 /* ContactVC.h */,
				48B332A127EC402A00AD3775 /* ContactVC.m */,
				48B332A227EC402A00AD3775 /* ContactVC.xib */,
				48B332A527EC4A8800AD3775 /* PersonModel.h */,
				48B332A627EC4A8800AD3775 /* PersonModel.m */,
				48B332A827EC4F5F00AD3775 /* ContactsTool.h */,
				48B332A927EC4F5F00AD3775 /* ContactsTool.m */,
				48B332AC27EC50E300AD3775 /* JLFileTransferHelper.h */,
				48B332AB27EC50E300AD3775 /* JLFileTransferHelper.m */,
			);
			path = ContactList;
			sourceTree = "<group>";
		};
/* End PBXGroup section */

/* Begin PBXNativeTarget section */
		48ABAD3427D335FA0043BBBF /* JLWatchDemo */ = {
			isa = PBXNativeTarget;
			buildConfigurationList = 48ABAD4E27D335FC0043BBBF /* Build configuration list for PBXNativeTarget "JLWatchDemo" */;
			buildPhases = (
				48ABAD3127D335FA0043BBBF /* Sources */,
				48ABAD3227D335FA0043BBBF /* Frameworks */,
				48ABAD3327D335FA0043BBBF /* Resources */,
			);
			buildRules = (
			);
			dependencies = (
			);
			name = JLWatchDemo;
			productName = JLWatchDemo;
			productReference = 48ABAD3527D335FA0043BBBF /* JLWatchDemo.app */;
			productType = "com.apple.product-type.application";
		};
/* End PBXNativeTarget section */

/* Begin PBXProject section */
		48ABAD2D27D335FA0043BBBF /* Project object */ = {
			isa = PBXProject;
			attributes = {
				BuildIndependentTargetsInParallel = 1;
				LastUpgradeCheck = 1340;
				TargetAttributes = {
					48ABAD3427D335FA0043BBBF = {
						CreatedOnToolsVersion = 13.2.1;
					};
				};
			};
			buildConfigurationList = 48ABAD3027D335FA0043BBBF /* Build configuration list for PBXProject "JLWatchDemo" */;
			compatibilityVersion = "Xcode 13.0";
			developmentRegion = en;
			hasScannedForEncodings = 0;
			knownRegions = (
				en,
				Base,
			);
			mainGroup = 48ABAD2C27D335FA0043BBBF;
			productRefGroup = 48ABAD3627D335FA0043BBBF /* Products */;
			projectDirPath = "";
			projectRoot = "";
			targets = (
				48ABAD3427D335FA0043BBBF /* JLWatchDemo */,
			);
		};
/* End PBXProject section */

/* Begin PBXResourcesBuildPhase section */
		48ABAD3327D335FA0043BBBF /* Resources */ = {
			isa = PBXResourcesBuildPhase;
			buildActionMask = 2147483647;
			files = (
				48F91B3B299E01E400FC5545 /* ImageTest.HEIC in Resources */,
				48ABAD4827D335FC0043BBBF /* LaunchScreen.storyboard in Resources */,
				4892017827E474B800111571 /* BigFileVC.xib in Resources */,
				48220F1D27D5F9AB00016C37 /* DocumentView.xib in Resources */,
				48B332A427EC402A00AD3775 /* ContactVC.xib in Resources */,
				4874620527F81DB200A7C9D7 /* FileBrowseVC.xib in Resources */,
				48ABAD4527D335FC0043BBBF /* Assets.xcassets in Resources */,
				48ABAD7027D33A910043BBBF /* FunctionVC.xib in Resources */,
				1DF8D2242807BB0C00569C2B /* BasicFuncVC.xib in Resources */,
				4892015827E1B25600111571 /* CustomWatchVC.xib in Resources */,
				48ABAD6B27D33A6D0043BBBF /* DeviceVC.xib in Resources */,
				1DF8D22A2807CD5100569C2B /* HealthSyncSportVC.xib in Resources */,
				4874621127F84E9F00A7C9D7 /* UpdateVC.xib in Resources */,
				1DF8D22F2807F6DB00569C2B /* HealthStatisticalVC.xib in Resources */,
				48220F1027D5DC1200016C37 /* WatchOperationVC.xib in Resources */,
			);
			runOnlyForDeploymentPostprocessing = 0;
		};
/* End PBXResourcesBuildPhase section */

/* Begin PBXSourcesBuildPhase section */
		48ABAD3127D335FA0043BBBF /* Sources */ = {
			isa = PBXSourcesBuildPhase;
			buildActionMask = 2147483647;
			files = (
				48220F0F27D5DC1200016C37 /* WatchOperationVC.m in Sources */,
				4874621027F84E9F00A7C9D7 /* UpdateVC.m in Sources */,
				48ABAD7727D348080043BBBF /* JL_RunSDK.m in Sources */,
				48ABAD3A27D335FA0043BBBF /* AppDelegate.m in Sources */,
				48ABAD6A27D33A6D0043BBBF /* DeviceVC.m in Sources */,
				48220F1327D5E3FA00016C37 /* TipView.m in Sources */,
				1DF8D2292807CD5100569C2B /* HealthSyncSportVC.m in Sources */,
				48B332A327EC402A00AD3775 /* ContactVC.m in Sources */,
				48B332A727EC4A8800AD3775 /* PersonModel.m in Sources */,
				48ABAD6F27D33A910043BBBF /* FunctionVC.m in Sources */,
				480FCFEF27D878E800B4C0C8 /* JLUI_Effect.m in Sources */,
				48ABAD4B27D335FC0043BBBF /* main.m in Sources */,
				4874620427F81DB200A7C9D7 /* FileBrowseVC.m in Sources */,
				1DF8D22E2807F6DB00569C2B /* HealthStatisticalVC.m in Sources */,
				4892015727E1B25600111571 /* CustomWatchVC.m in Sources */,
				4892017727E474B800111571 /* BigFileVC.m in Sources */,
				48B332AD27EC50E300AD3775 /* JLFileTransferHelper.m in Sources */,
				48220F1B27D5F99C00016C37 /* DocumentView.m in Sources */,
				48ABAD7327D33E030043BBBF /* QCY_BLEApple.m in Sources */,
				48B332AA27EC4F5F00AD3775 /* ContactsTool.m in Sources */,
				1DF8D2232807BB0C00569C2B /* BasicFuncVC.m in Sources */,
			);
			runOnlyForDeploymentPostprocessing = 0;
		};
/* End PBXSourcesBuildPhase section */

/* Begin PBXVariantGroup section */
		48ABAD4627D335FC0043BBBF /* LaunchScreen.storyboard */ = {
			isa = PBXVariantGroup;
			children = (
				48ABAD4727D335FC0043BBBF /* Base */,
			);
			name = LaunchScreen.storyboard;
			sourceTree = "<group>";
		};
/* End PBXVariantGroup section */

/* Begin XCBuildConfiguration section */
		48ABAD4C27D335FC0043BBBF /* Debug */ = {
			isa = XCBuildConfiguration;
			buildSettings = {
				ALWAYS_SEARCH_USER_PATHS = NO;
				CLANG_ANALYZER_NONNULL = YES;
				CLANG_ANALYZER_NUMBER_OBJECT_CONVERSION = YES_AGGRESSIVE;
				CLANG_CXX_LANGUAGE_STANDARD = "gnu++17";
				CLANG_CXX_LIBRARY = "libc++";
				CLANG_ENABLE_MODULES = YES;
				CLANG_ENABLE_OBJC_ARC = YES;
				CLANG_ENABLE_OBJC_WEAK = YES;
				CLANG_WARN_BLOCK_CAPTURE_AUTORELEASING = YES;
				CLANG_WARN_BOOL_CONVERSION = YES;
				CLANG_WARN_COMMA = YES;
				CLANG_WARN_CONSTANT_CONVERSION = YES;
				CLANG_WARN_DEPRECATED_OBJC_IMPLEMENTATIONS = YES;
				CLANG_WARN_DIRECT_OBJC_ISA_USAGE = YES_ERROR;
				CLANG_WARN_DOCUMENTATION_COMMENTS = YES;
				CLANG_WARN_EMPTY_BODY = YES;
				CLANG_WARN_ENUM_CONVERSION = YES;
				CLANG_WARN_INFINITE_RECURSION = YES;
				CLANG_WARN_INT_CONVERSION = YES;
				CLANG_WARN_NON_LITERAL_NULL_CONVERSION = YES;
				CLANG_WARN_OBJC_IMPLICIT_RETAIN_SELF = YES;
				CLANG_WARN_OBJC_LITERAL_CONVERSION = YES;
				CLANG_WARN_OBJC_ROOT_CLASS = YES_ERROR;
				CLANG_WARN_QUOTED_INCLUDE_IN_FRAMEWORK_HEADER = YES;
				CLANG_WARN_RANGE_LOOP_ANALYSIS = YES;
				CLANG_WARN_STRICT_PROTOTYPES = YES;
				CLANG_WARN_SUSPICIOUS_MOVE = YES;
				CLANG_WARN_UNGUARDED_AVAILABILITY = YES_AGGRESSIVE;
				CLANG_WARN_UNREACHABLE_CODE = YES;
				CLANG_WARN__DUPLICATE_METHOD_MATCH = YES;
				COPY_PHASE_STRIP = NO;
				DEBUG_INFORMATION_FORMAT = dwarf;
				ENABLE_BITCODE = NO;
				ENABLE_STRICT_OBJC_MSGSEND = YES;
				ENABLE_TESTABILITY = YES;
				GCC_C_LANGUAGE_STANDARD = gnu11;
				GCC_DYNAMIC_NO_PIC = NO;
				GCC_NO_COMMON_BLOCKS = YES;
				GCC_OPTIMIZATION_LEVEL = 0;
				GCC_PREPROCESSOR_DEFINITIONS = (
					"DEBUG=1",
					"$(inherited)",
				);
				GCC_WARN_64_TO_32_BIT_CONVERSION = YES;
				GCC_WARN_ABOUT_RETURN_TYPE = YES_ERROR;
				GCC_WARN_UNDECLARED_SELECTOR = YES;
				GCC_WARN_UNINITIALIZED_AUTOS = YES_AGGRESSIVE;
				GCC_WARN_UNUSED_FUNCTION = YES;
				GCC_WARN_UNUSED_VARIABLE = YES;
				IPHONEOS_DEPLOYMENT_TARGET = 12.0;
				MTL_ENABLE_DEBUG_INFO = INCLUDE_SOURCE;
				MTL_FAST_MATH = YES;
				ONLY_ACTIVE_ARCH = YES;
				SDKROOT = iphoneos;
			};
			name = Debug;
		};
		48ABAD4D27D335FC0043BBBF /* Release */ = {
			isa = XCBuildConfiguration;
			buildSettings = {
				ALWAYS_SEARCH_USER_PATHS = NO;
				CLANG_ANALYZER_NONNULL = YES;
				CLANG_ANALYZER_NUMBER_OBJECT_CONVERSION = YES_AGGRESSIVE;
				CLANG_CXX_LANGUAGE_STANDARD = "gnu++17";
				CLANG_CXX_LIBRARY = "libc++";
				CLANG_ENABLE_MODULES = YES;
				CLANG_ENABLE_OBJC_ARC = YES;
				CLANG_ENABLE_OBJC_WEAK = YES;
				CLANG_WARN_BLOCK_CAPTURE_AUTORELEASING = YES;
				CLANG_WARN_BOOL_CONVERSION = YES;
				CLANG_WARN_COMMA = YES;
				CLANG_WARN_CONSTANT_CONVERSION = YES;
				CLANG_WARN_DEPRECATED_OBJC_IMPLEMENTATIONS = YES;
				CLANG_WARN_DIRECT_OBJC_ISA_USAGE = YES_ERROR;
				CLANG_WARN_DOCUMENTATION_COMMENTS = YES;
				CLANG_WARN_EMPTY_BODY = YES;
				CLANG_WARN_ENUM_CONVERSION = YES;
				CLANG_WARN_INFINITE_RECURSION = YES;
				CLANG_WARN_INT_CONVERSION = YES;
				CLANG_WARN_NON_LITERAL_NULL_CONVERSION = YES;
				CLANG_WARN_OBJC_IMPLICIT_RETAIN_SELF = YES;
				CLANG_WARN_OBJC_LITERAL_CONVERSION = YES;
				CLANG_WARN_OBJC_ROOT_CLASS = YES_ERROR;
				CLANG_WARN_QUOTED_INCLUDE_IN_FRAMEWORK_HEADER = YES;
				CLANG_WARN_RANGE_LOOP_ANALYSIS = YES;
				CLANG_WARN_STRICT_PROTOTYPES = YES;
				CLANG_WARN_SUSPICIOUS_MOVE = YES;
				CLANG_WARN_UNGUARDED_AVAILABILITY = YES_AGGRESSIVE;
				CLANG_WARN_UNREACHABLE_CODE = YES;
				CLANG_WARN__DUPLICATE_METHOD_MATCH = YES;
				COPY_PHASE_STRIP = NO;
				DEBUG_INFORMATION_FORMAT = "dwarf-with-dsym";
				ENABLE_BITCODE = NO;
				ENABLE_NS_ASSERTIONS = NO;
				ENABLE_STRICT_OBJC_MSGSEND = YES;
				GCC_C_LANGUAGE_STANDARD = gnu11;
				GCC_NO_COMMON_BLOCKS = YES;
				GCC_WARN_64_TO_32_BIT_CONVERSION = YES;
				GCC_WARN_ABOUT_RETURN_TYPE = YES_ERROR;
				GCC_WARN_UNDECLARED_SELECTOR = YES;
				GCC_WARN_UNINITIALIZED_AUTOS = YES_AGGRESSIVE;
				GCC_WARN_UNUSED_FUNCTION = YES;
				GCC_WARN_UNUSED_VARIABLE = YES;
				IPHONEOS_DEPLOYMENT_TARGET = 12.0;
				MTL_ENABLE_DEBUG_INFO = NO;
				MTL_FAST_MATH = YES;
				SDKROOT = iphoneos;
				VALIDATE_PRODUCT = YES;
			};
			name = Release;
		};
		48ABAD4F27D335FC0043BBBF /* Debug */ = {
			isa = XCBuildConfiguration;
			buildSettings = {
				ASSETCATALOG_COMPILER_APPICON_NAME = AppIcon;
				ASSETCATALOG_COMPILER_GLOBAL_ACCENT_COLOR_NAME = AccentColor;
				CODE_SIGN_IDENTITY = "Apple Development";
				CODE_SIGN_STYLE = Automatic;
				CURRENT_PROJECT_VERSION = 1;
				DEVELOPMENT_TEAM = J8GU9SL7NG;
				FRAMEWORK_SEARCH_PATHS = (
					"$(inherited)",
					"$(PROJECT_DIR)",
				);
				GENERATE_INFOPLIST_FILE = YES;
				INFOPLIST_FILE = JLWatchDemo/Info.plist;
				INFOPLIST_KEY_NSBluetoothAlwaysUsageDescription = "APP操控设备需用到蓝牙传输数据，是否授权使用蓝牙？";
				INFOPLIST_KEY_NSBluetoothPeripheralUsageDescription = "APP与设备交互需要用到蓝牙数据传输，是否允许？";
				INFOPLIST_KEY_NSCameraUsageDescription = "需要您的同意,APP才能访问相机";
				INFOPLIST_KEY_NSLocalNetworkUsageDescription = "APP需要您的同意，才能访问您的本地连接用于连接APP的服务。";
				INFOPLIST_KEY_UIApplicationSupportsIndirectInputEvents = YES;
				INFOPLIST_KEY_UILaunchStoryboardName = LaunchScreen;
				INFOPLIST_KEY_UISupportedInterfaceOrientations_iPad = UIInterfaceOrientationPortrait;
				INFOPLIST_KEY_UISupportedInterfaceOrientations_iPhone = UIInterfaceOrientationPortrait;
				IPHONEOS_DEPLOYMENT_TARGET = 11.0;
				LD_RUNPATH_SEARCH_PATHS = (
					"$(inherited)",
					"@executable_path/Frameworks",
				);
				MARKETING_VERSION = 1.1;
				OTHER_LDFLAGS = "-ObjC";
				PRODUCT_BUNDLE_IDENTIFIER = com.JLBLE.JLWatchDemo;
				PRODUCT_NAME = "$(TARGET_NAME)";
				PROVISIONING_PROFILE_SPECIFIER = "";
				SWIFT_EMIT_LOC_STRINGS = YES;
				TARGETED_DEVICE_FAMILY = 1;
			};
			name = Debug;
		};
		48ABAD5027D335FC0043BBBF /* Release */ = {
			isa = XCBuildConfiguration;
			buildSettings = {
				ASSETCATALOG_COMPILER_APPICON_NAME = AppIcon;
				ASSETCATALOG_COMPILER_GLOBAL_ACCENT_COLOR_NAME = AccentColor;
				CODE_SIGN_IDENTITY = "Apple Development";
				CODE_SIGN_STYLE = Automatic;
				CURRENT_PROJECT_VERSION = 1;
				DEVELOPMENT_TEAM = J8GU9SL7NG;
				FRAMEWORK_SEARCH_PATHS = (
					"$(inherited)",
					"$(PROJECT_DIR)",
				);
				GENERATE_INFOPLIST_FILE = YES;
				INFOPLIST_FILE = JLWatchDemo/Info.plist;
				INFOPLIST_KEY_NSBluetoothAlwaysUsageDescription = "APP操控设备需用到蓝牙传输数据，是否授权使用蓝牙？";
				INFOPLIST_KEY_NSBluetoothPeripheralUsageDescription = "APP与设备交互需要用到蓝牙数据传输，是否允许？";
				INFOPLIST_KEY_NSCameraUsageDescription = "需要您的同意,APP才能访问相机";
				INFOPLIST_KEY_NSLocalNetworkUsageDescription = "APP需要您的同意，才能访问您的本地连接用于连接APP的服务。";
				INFOPLIST_KEY_UIApplicationSupportsIndirectInputEvents = YES;
				INFOPLIST_KEY_UILaunchStoryboardName = LaunchScreen;
				INFOPLIST_KEY_UISupportedInterfaceOrientations_iPad = UIInterfaceOrientationPortrait;
				INFOPLIST_KEY_UISupportedInterfaceOrientations_iPhone = UIInterfaceOrientationPortrait;
				IPHONEOS_DEPLOYMENT_TARGET = 11.0;
				LD_RUNPATH_SEARCH_PATHS = (
					"$(inherited)",
					"@executable_path/Frameworks",
				);
				MARKETING_VERSION = 1.1;
				OTHER_LDFLAGS = "-ObjC";
				PRODUCT_BUNDLE_IDENTIFIER = com.JLBLE.JLWatchDemo;
				PRODUCT_NAME = "$(TARGET_NAME)";
				PROVISIONING_PROFILE_SPECIFIER = "";
				SWIFT_EMIT_LOC_STRINGS = YES;
				TARGETED_DEVICE_FAMILY = 1;
			};
			name = Release;
		};
/* End XCBuildConfiguration section */

/* Begin XCConfigurationList section */
		48ABAD3027D335FA0043BBBF /* Build configuration list for PBXProject "JLWatchDemo" */ = {
			isa = XCConfigurationList;
			buildConfigurations = (
				48ABAD4C27D335FC0043BBBF /* Debug */,
				48ABAD4D27D335FC0043BBBF /* Release */,
			);
			defaultConfigurationIsVisible = 0;
			defaultConfigurationName = Release;
		};
		48ABAD4E27D335FC0043BBBF /* Build configuration list for PBXNativeTarget "JLWatchDemo" */ = {
			isa = XCConfigurationList;
			buildConfigurations = (
				48ABAD4F27D335FC0043BBBF /* Debug */,
				48ABAD5027D335FC0043BBBF /* Release */,
			);
			defaultConfigurationIsVisible = 0;
			defaultConfigurationName = Release;
		};
/* End XCConfigurationList section */
	};
	rootObject = 48ABAD2D27D335FA0043BBBF /* Project object */;
}
